// !$*UTF8*$!
{
	archiveVersion = 1;
	classes = {
	};
	objectVersion = 46;
	objects = {

/* Begin PBXBuildFile section */
		3F0A97F31FA0AF5600BA44B6 /* main.m in Sources */ = {isa = PBXBuildFile; fileRef = 3F0A97F21FA0AF5600BA44B6 /* main.m */; };
		3F0A97F61FA0AF5600BA44B6 /* AppDelegate.m in Sources */ = {isa = PBXBuildFile; fileRef = 3F0A97F51FA0AF5600BA44B6 /* AppDelegate.m */; };
		3F0A97F91FA0AF5600BA44B6 /* ViewController.m in Sources */ = {isa = PBXBuildFile; fileRef = 3F0A97F81FA0AF5600BA44B6 /* ViewController.m */; };
		3F0A97FC1FA0AF5600BA44B6 /* Main.storyboard in Resources */ = {isa = PBXBuildFile; fileRef = 3F0A97FA1FA0AF5600BA44B6 /* Main.storyboard */; };
		3F0A97FE1FA0AF5600BA44B6 /* Assets.xcassets in Resources */ = {isa = PBXBuildFile; fileRef = 3F0A97FD1FA0AF5600BA44B6 /* Assets.xcassets */; };
		3F0A98011FA0AF5600BA44B6 /* LaunchScreen.storyboard in Resources */ = {isa = PBXBuildFile; fileRef = 3F0A97FF1FA0AF5600BA44B6 /* LaunchScreen.storyboard */; };
		3F0A980C1FA0AF5600BA44B6 /* tableviewTests.m in Sources */ = {isa = PBXBuildFile; fileRef = 3F0A980B1FA0AF5600BA44B6 /* tableviewTests.m */; };
		3F0A98171FA0AF5600BA44B6 /* tableviewUITests.m in Sources */ = {isa = PBXBuildFile; fileRef = 3F0A98161FA0AF5600BA44B6 /* tableviewUITests.m */; };
/* End PBXBuildFile section */

/* Begin PBXContainerItemProxy section */
		3F0A98081FA0AF5600BA44B6 /* PBXContainerItemProxy */ = {
			isa = PBXContainerItemProxy;
			containerPortal = 3F0A97E61FA0AF5600BA44B6 /* Project object */;
			proxyType = 1;
			remoteGlobalIDString = 3F0A97ED1FA0AF5600BA44B6;
			remoteInfo = tableview;
		};
		3F0A98131FA0AF5600BA44B6 /* PBXContainerItemProxy */ = {
			isa = PBXContainerItemProxy;
			containerPortal = 3F0A97E61FA0AF5600BA44B6 /* Project object */;
			proxyType = 1;
			remoteGlobalIDString = 3F0A97ED1FA0AF5600BA44B6;
			remoteInfo = tableview;
		};
/* End PBXContainerItemProxy section */

/* Begin PBXFileReference section */
		3F0A97EE1FA0AF5600BA44B6 /* tableview.app */ = {isa = PBXFileReference; explicitFileType = wrapper.application; includeInIndex = 0; path = tableview.app; sourceTree = BUILT_PRODUCTS_DIR; };
		3F0A97F21FA0AF5600BA44B6 /* main.m */ = {isa = PBXFileReference; lastKnownFileType = sourcecode.c.objc; path = main.m; sourceTree = "<group>"; };
		3F0A97F41FA0AF5600BA44B6 /* AppDelegate.h */ = {isa = PBXFileReference; lastKnownFileType = sourcecode.c.h; path = AppDelegate.h; sourceTree = "<group>"; };
		3F0A97F51FA0AF5600BA44B6 /* AppDelegate.m */ = {isa = PBXFileReference; lastKnownFileType = sourcecode.c.objc; path = AppDelegate.m; sourceTree = "<group>"; };
		3F0A97F71FA0AF5600BA44B6 /* ViewController.h */ = {isa = PBXFileReference; lastKnownFileType = sourcecode.c.h; path = ViewController.h; sourceTree = "<group>"; };
		3F0A97F81FA0AF5600BA44B6 /* ViewController.m */ = {isa = PBXFileReference; lastKnownFileType = sourcecode.c.objc; path = ViewController.m; sourceTree = "<group>"; };
		3F0A97FB1FA0AF5600BA44B6 /* Base */ = {isa = PBXFileReference; lastKnownFileType = file.storyboard; name = Base; path = Base.lproj/Main.storyboard; sourceTree = "<group>"; };
		3F0A97FD1FA0AF5600BA44B6 /* Assets.xcassets */ = {isa = PBXFileReference; lastKnownFileType = folder.assetcatalog; path = Assets.xcassets; sourceTree = "<group>"; };
		3F0A98001FA0AF5600BA44B6 /* Base */ = {isa = PBXFileReference; lastKnownFileType = file.storyboard; name = Base; path = Base.lproj/LaunchScreen.storyboard; sourceTree = "<group>"; };
		3F0A98021FA0AF5600BA44B6 /* Info.plist */ = {isa = PBXFileReference; lastKnownFileType = text.plist.xml; path = Info.plist; sourceTree = "<group>"; };
		3F0A98071FA0AF5600BA44B6 /* tableviewTests.xctest */ = {isa = PBXFileReference; explicitFileType = wrapper.cfbundle; includeInIndex = 0; path = tableviewTests.xctest; sourceTree = BUILT_PRODUCTS_DIR; };
		3F0A980B1FA0AF5600BA44B6 /* tableviewTests.m */ = {isa = PBXFileReference; lastKnownFileType = sourcecode.c.objc; path = tableviewTests.m; sourceTree = "<group>"; };
		3F0A980D1FA0AF5600BA44B6 /* Info.plist */ = {isa = PBXFileReference; lastKnownFileType = text.plist.xml; path = Info.plist; sourceTree = "<group>"; };
		3F0A98121FA0AF5600BA44B6 /* tableviewUITests.xctest */ = {isa = PBXFileReference; explicitFileType = wrapper.cfbundle; includeInIndex = 0; path = tableviewUITests.xctest; sourceTree = BUILT_PRODUCTS_DIR; };
		3F0A98161FA0AF5600BA44B6 /* tableviewUITests.m */ = {isa = PBXFileReference; lastKnownFileType = sourcecode.c.objc; path = tableviewUITests.m; sourceTree = "<group>"; };
		3F0A98181FA0AF5600BA44B6 /* Info.plist */ = {isa = PBXFileReference; lastKnownFileType = text.plist.xml; path = Info.plist; sourceTree = "<group>"; };
/* End PBXFileReference section */

/* Begin PBXFrameworksBuildPhase section */
		3F0A97EB1FA0AF5600BA44B6 /* Frameworks */ = {
			isa = PBXFrameworksBuildPhase;
			buildActionMask = 2147483647;
			files = (
			);
			runOnlyForDeploymentPostprocessing = 0;
		};
		3F0A98041FA0AF5600BA44B6 /* Frameworks */ = {
			isa = PBXFrameworksBuildPhase;
			buildActionMask = 2147483647;
			files = (
			);
			runOnlyForDeploymentPostprocessing = 0;
		};
		3F0A980F1FA0AF5600BA44B6 /* Frameworks */ = {
			isa = PBXFrameworksBuildPhase;
			buildActionMask = 2147483647;
			files = (
			);
			runOnlyForDeploymentPostprocessing = 0;
		};
/* End PBXFrameworksBuildPhase section */

/* Begin PBXGroup section */
		3F0A97E51FA0AF5600BA44B6 = {
			isa = PBXGroup;
			children = (
				3F0A97F01FA0AF5600BA44B6 /* tableview */,
				3F0A980A1FA0AF5600BA44B6 /* tableviewTests */,
				3F0A98151FA0AF5600BA44B6 /* tableviewUITests */,
				3F0A97EF1FA0AF5600BA44B6 /* Products */,
			);
			sourceTree = "<group>";
		};
		3F0A97EF1FA0AF5600BA44B6 /* Products */ = {
			isa = PBXGroup;
			children = (
				3F0A97EE1FA0AF5600BA44B6 /* tableview.app */,
				3F0A98071FA0AF5600BA44B6 /* tableviewTests.xctest */,
				3F0A98121FA0AF5600BA44B6 /* tableviewUITests.xctest */,
			);
			name = Products;
			sourceTree = "<group>";
		};
		3F0A97F01FA0AF5600BA44B6 /* tableview */ = {
			isa = PBXGroup;
			children = (
				3F0A97F41FA0AF5600BA44B6 /* AppDelegate.h */,
				3F0A97F51FA0AF5600BA44B6 /* AppDelegate.m */,
				3F0A97F71FA0AF5600BA44B6 /* ViewController.h */,
				3F0A97F81FA0AF5600BA44B6 /* ViewController.m */,
				3F0A97FA1FA0AF5600BA44B6 /* Main.storyboard */,
				3F0A97FD1FA0AF5600BA44B6 /* Assets.xcassets */,
				3F0A97FF1FA0AF5600BA44B6 /* LaunchScreen.storyboard */,
				3F0A98021FA0AF5600BA44B6 /* Info.plist */,
				3F0A97F11FA0AF5600BA44B6 /* Supporting Files */,
			);
			path = tableview;
			sourceTree = "<group>";
		};
		3F0A97F11FA0AF5600BA44B6 /* Supporting Files */ = {
			isa = PBXGroup;
			children = (
				3F0A97F21FA0AF5600BA44B6 /* main.m */,
			);
			name = "Supporting Files";
			sourceTree = "<group>";
		};
		3F0A980A1FA0AF5600BA44B6 /* tableviewTests */ = {
			isa = PBXGroup;
			children = (
				3F0A980B1FA0AF5600BA44B6 /* tableviewTests.m */,
				3F0A980D1FA0AF5600BA44B6 /* Info.plist */,
			);
			path = tableviewTests;
			sourceTree = "<group>";
		};
		3F0A98151FA0AF5600BA44B6 /* tableviewUITests */ = {
			isa = PBXGroup;
			children = (
				3F0A98161FA0AF5600BA44B6 /* tableviewUITests.m */,
				3F0A98181FA0AF5600BA44B6 /* Info.plist */,
			);
			path = tableviewUITests;
			sourceTree = "<group>";
		};
/* End PBXGroup section */

/* Begin PBXNativeTarget section */
		3F0A97ED1FA0AF5600BA44B6 /* tableview */ = {
			isa = PBXNativeTarget;
			buildConfigurationList = 3F0A981B1FA0AF5600BA44B6 /* Build configuration list for PBXNativeTarget "tableview" */;
			buildPhases = (
				3F0A97EA1FA0AF5600BA44B6 /* Sources */,
				3F0A97EB1FA0AF5600BA44B6 /* Frameworks */,
				3F0A97EC1FA0AF5600BA44B6 /* Resources */,
			);
			buildRules = (
			);
			dependencies = (
			);
			name = tableview;
			productName = tableview;
			productReference = 3F0A97EE1FA0AF5600BA44B6 /* tableview.app */;
			productType = "com.apple.product-type.application";
		};
		3F0A98061FA0AF5600BA44B6 /* tableviewTests */ = {
			isa = PBXNativeTarget;
			buildConfigurationList = 3F0A981E1FA0AF5600BA44B6 /* Build configuration list for PBXNativeTarget "tableviewTests" */;
			buildPhases = (
				3F0A98031FA0AF5600BA44B6 /* Sources */,
				3F0A98041FA0AF5600BA44B6 /* Frameworks */,
				3F0A98051FA0AF5600BA44B6 /* Resources */,
			);
			buildRules = (
			);
			dependencies = (
				3F0A98091FA0AF5600BA44B6 /* PBXTargetDependency */,
			);
			name = tableviewTests;
			productName = tableviewTests;
			productReference = 3F0A98071FA0AF5600BA44B6 /* tableviewTests.xctest */;
			productType = "com.apple.product-type.bundle.unit-test";
		};
		3F0A98111FA0AF5600BA44B6 /* tableviewUITests */ = {
			isa = PBXNativeTarget;
			buildConfigurationList = 3F0A98211FA0AF5600BA44B6 /* Build configuration list for PBXNativeTarget "tableviewUITests" */;
			buildPhases = (
				3F0A980E1FA0AF5600BA44B6 /* Sources */,
				3F0A980F1FA0AF5600BA44B6 /* Frameworks */,
				3F0A98101FA0AF5600BA44B6 /* Resources */,
			);
			buildRules = (
			);
			dependencies = (
				3F0A98141FA0AF5600BA44B6 /* PBXTargetDependency */,
			);
			name = tableviewUITests;
			productName = tableviewUITests;
			productReference = 3F0A98121FA0AF5600BA44B6 /* tableviewUITests.xctest */;
			productType = "com.apple.product-type.bundle.ui-testing";
		};
/* End PBXNativeTarget section */

/* Begin PBXProject section */
		3F0A97E61FA0AF5600BA44B6 /* Project object */ = {
			isa = PBXProject;
			attributes = {
				LastUpgradeCheck = 0830;
				ORGANIZATIONNAME = student;
				TargetAttributes = {
					3F0A97ED1FA0AF5600BA44B6 = {
						CreatedOnToolsVersion = 8.3.3;
						ProvisioningStyle = Automatic;
					};
					3F0A98061FA0AF5600BA44B6 = {
						CreatedOnToolsVersion = 8.3.3;
						ProvisioningStyle = Automatic;
						TestTargetID = 3F0A97ED1FA0AF5600BA44B6;
					};
					3F0A98111FA0AF5600BA44B6 = {
						CreatedOnToolsVersion = 8.3.3;
						ProvisioningStyle = Automatic;
						TestTargetID = 3F0A97ED1FA0AF5600BA44B6;
					};
				};
			};
			buildConfigurationList = 3F0A97E91FA0AF5600BA44B6 /* Build configuration list for PBXProject "tableview" */;
			compatibilityVersion = "Xcode 3.2";
			developmentRegion = English;
			hasScannedForEncodings = 0;
			knownRegions = (
				en,
				Base,
			);
			mainGroup = 3F0A97E51FA0AF5600BA44B6;
			productRefGroup = 3F0A97EF1FA0AF5600BA44B6 /* Products */;
			projectDirPath = "";
			projectRoot = "";
			targets = (
				3F0A97ED1FA0AF5600BA44B6 /* tableview */,
				3F0A98061FA0AF5600BA44B6 /* tableviewTests */,
				3F0A98111FA0AF5600BA44B6 /* tableviewUITests */,
			);
		};
/* End PBXProject section */

/* Begin PBXResourcesBuildPhase section */
		3F0A97EC1FA0AF5600BA44B6 /* Resources */ = {
			isa = PBXResourcesBuildPhase;
			buildActionMask = 2147483647;
			files = (
				3F0A98011FA0AF5600BA44B6 /* LaunchScreen.storyboard in Resources */,
				3F0A97FE1FA0AF5600BA44B6 /* Assets.xcassets in Resources */,
				3F0A97FC1FA0AF5600BA44B6 /* Main.storyboard in Resources */,
			);
			runOnlyForDeploymentPostprocessing = 0;
		};
		3F0A98051FA0AF5600BA44B6 /* Resources */ = {
			isa = PBXResourcesBuildPhase;
			buildActionMask = 2147483647;
			files = (
			);
			runOnlyForDeploymentPostprocessing = 0;
		};
		3F0A98101FA0AF5600BA44B6 /* Resources */ = {
			isa = PBXResourcesBuildPhase;
			buildActionMask = 2147483647;
			files = (
			);
			runOnlyForDeploymentPostprocessing = 0;
		};
/* End PBXResourcesBuildPhase section */

/* Begin PBXSourcesBuildPhase section */
		3F0A97EA1FA0AF5600BA44B6 /* Sources */ = {
			isa = PBXSourcesBuildPhase;
			buildActionMask = 2147483647;
			files = (
				3F0A97F91FA0AF5600BA44B6 /* ViewController.m in Sources */,
				3F0A97F61FA0AF5600BA44B6 /* AppDelegate.m in Sources */,
				3F0A97F31FA0AF5600BA44B6 /* main.m in Sources */,
			);
			runOnlyForDeploymentPostprocessing = 0;
		};
		3F0A98031FA0AF5600BA44B6 /* Sources */ = {
			isa = PBXSourcesBuildPhase;
			buildActionMask = 2147483647;
			files = (
				3F0A980C1FA0AF5600BA44B6 /* tableviewTests.m in Sources */,
			);
			runOnlyForDeploymentPostprocessing = 0;
		};
		3F0A980E1FA0AF5600BA44B6 /* Sources */ = {
			isa = PBXSourcesBuildPhase;
			buildActionMask = 2147483647;
			files = (
				3F0A98171FA0AF5600BA44B6 /* tableviewUITests.m in Sources */,
			);
			runOnlyForDeploymentPostprocessing = 0;
		};
/* End PBXSourcesBuildPhase section */

/* Begin PBXTargetDependency section */
		3F0A98091FA0AF5600BA44B6 /* PBXTargetDependency */ = {
			isa = PBXTargetDependency;
			target = 3F0A97ED1FA0AF5600BA44B6 /* tableview */;
			targetProxy = 3F0A98081FA0AF5600BA44B6 /* PBXContainerItemProxy */;
		};
		3F0A98141FA0AF5600BA44B6 /* PBXTargetDependency */ = {
			isa = PBXTargetDependency;
			target = 3F0A97ED1FA0AF5600BA44B6 /* tableview */;
			targetProxy = 3F0A98131FA0AF5600BA44B6 /* PBXContainerItemProxy */;
		};
/* End PBXTargetDependency section */

/* Begin PBXVariantGroup section */
		3F0A97FA1FA0AF5600BA44B6 /* Main.storyboard */ = {
			isa = PBXVariantGroup;
			children = (
				3F0A97FB1FA0AF5600BA44B6 /* Base */,
			);
			name = Main.storyboard;
			sourceTree = "<group>";
		};
		3F0A97FF1FA0AF5600BA44B6 /* LaunchScreen.storyboard */ = {
			isa = PBXVariantGroup;
			children = (
				3F0A98001FA0AF5600BA44B6 /* Base */,
			);
			name = LaunchScreen.storyboard;
			sourceTree = "<group>";
		};
/* End PBXVariantGroup section */

/* Begin XCBuildConfiguration section */
		3F0A98191FA0AF5600BA44B6 /* Debug */ = {
			isa = XCBuildConfiguration;
			buildSettings = {
				ALWAYS_SEARCH_USER_PATHS = NO;
				CLANG_ANALYZER_NONNULL = YES;
				CLANG_ANALYZER_NUMBER_OBJECT_CONVERSION = YES_AGGRESSIVE;
				CLANG_CXX_LANGUAGE_STANDARD = "gnu++0x";
				CLANG_CXX_LIBRARY = "libc++";
				CLANG_ENABLE_MODULES = YES;
				CLANG_ENABLE_OBJC_ARC = YES;
				CLANG_WARN_BOOL_CONVERSION = YES;
				CLANG_WARN_CONSTANT_CONVERSION = YES;
				CLANG_WARN_DIRECT_OBJC_ISA_USAGE = YES_ERROR;
				CLANG_WARN_DOCUMENTATION_COMMENTS = YES;
				CLANG_WARN_EMPTY_BODY = YES;
				CLANG_WARN_ENUM_CONVERSION = YES;
				CLANG_WARN_INFINITE_RECURSION = YES;
				CLANG_WARN_INT_CONVERSION = YES;
				CLANG_WARN_OBJC_ROOT_CLASS = YES_ERROR;
				CLANG_WARN_SUSPICIOUS_MOVE = YES;
				CLANG_WARN_UNREACHABLE_CODE = YES;
				CLANG_WARN__DUPLICATE_METHOD_MATCH = YES;
				"CODE_SIGN_IDENTITY[sdk=iphoneos*]" = "iPhone Developer";
				COPY_PHASE_STRIP = NO;
				DEBUG_INFORMATION_FORMAT = dwarf;
				ENABLE_STRICT_OBJC_MSGSEND = YES;
				ENABLE_TESTABILITY = YES;
				GCC_C_LANGUAGE_STANDARD = gnu99;
				GCC_DYNAMIC_NO_PIC = NO;
				GCC_NO_COMMON_BLOCKS = YES;
				GCC_OPTIMIZATION_LEVEL = 0;
				GCC_PREPROCESSOR_DEFINITIONS = (
					"DEBUG=1",
					"$(inherited)",
				);
				GCC_WARN_64_TO_32_BIT_CONVERSION = YES;
				GCC_WARN_ABOUT_RETURN_TYPE = YES_ERROR;
				GCC_WARN_UNDECLARED_SELECTOR = YES;
				GCC_WARN_UNINITIALIZED_AUTOS = YES_AGGRESSIVE;
				GCC_WARN_UNUSED_FUNCTION = YES;
				GCC_WARN_UNUSED_VARIABLE = YES;
				IPHONEOS_DEPLOYMENT_TARGET = 10.3;
				MTL_ENABLE_DEBUG_INFO = YES;
				ONLY_ACTIVE_ARCH = YES;
				SDKROOT = iphoneos;
				TARGETED_DEVICE_FAMILY = "1,2";
			};
			name = Debug;
		};
		3F0A981A1FA0AF5600BA44B6 /* Release */ = {
			isa = XCBuildConfiguration;
			buildSettings = {
				ALWAYS_SEARCH_USER_PATHS = NO;
				CLANG_ANALYZER_NONNULL = YES;
				CLANG_ANALYZER_NUMBER_OBJECT_CONVERSION = YES_AGGRESSIVE;
				CLANG_CXX_LANGUAGE_STANDARD = "gnu++0x";
				CLANG_CXX_LIBRARY = "libc++";
				CLANG_ENABLE_MODULES = YES;
				CLANG_ENABLE_OBJC_ARC = YES;
				CLANG_WARN_BOOL_CONVERSION = YES;
				CLANG_WARN_CONSTANT_CONVERSION = YES;
				CLANG_WARN_DIRECT_OBJC_ISA_USAGE = YES_ERROR;
				CLANG_WARN_DOCUMENTATION_COMMENTS = YES;
				CLANG_WARN_EMPTY_BODY = YES;
				CLANG_WARN_ENUM_CONVERSION = YES;
				CLANG_WARN_INFINITE_RECURSION = YES;
				CLANG_WARN_INT_CONVERSION = YES;
				CLANG_WARN_OBJC_ROOT_CLASS = YES_ERROR;
				CLANG_WARN_SUSPICIOUS_MOVE = YES;
				CLANG_WARN_UNREACHABLE_CODE = YES;
				CLANG_WARN__DUPLICATE_METHOD_MATCH = YES;
				"CODE_SIGN_IDENTITY[sdk=iphoneos*]" = "iPhone Developer";
				COPY_PHASE_STRIP = NO;
				DEBUG_INFORMATION_FORMAT = "dwarf-with-dsym";
				ENABLE_NS_ASSERTIONS = NO;
				ENABLE_STRICT_OBJC_MSGSEND = YES;
				GCC_C_LANGUAGE_STANDARD = gnu99;
				GCC_NO_COMMON_BLOCKS = YES;
				GCC_WARN_64_TO_32_BIT_CONVERSION = YES;
				GCC_WARN_ABOUT_RETURN_TYPE = YES_ERROR;
				GCC_WARN_UNDECLARED_SELECTOR = YES;
				GCC_WARN_UNINITIALIZED_AUTOS = YES_AGGRESSIVE;
				GCC_WARN_UNUSED_FUNCTION = YES;
				GCC_WARN_UNUSED_VARIABLE = YES;
				IPHONEOS_DEPLOYMENT_TARGET = 10.3;
				MTL_ENABLE_DEBUG_INFO = NO;
				SDKROOT = iphoneos;
				TARGETED_DEVICE_FAMILY = "1,2";
				VALIDATE_PRODUCT = YES;
			};
			name = Release;
		};
		3F0A981C1FA0AF5600BA44B6 /* Debug */ = {
			isa = XCBuildConfiguration;
			buildSettings = {
				ASSETCATALOG_COMPILER_APPICON_NAME = AppIcon;
				INFOPLIST_FILE = tableview/Info.plist;
				LD_RUNPATH_SEARCH_PATHS = "$(inherited) @executable_path/Frameworks";
				PRODUCT_BUNDLE_IDENTIFIER = brn.tableview;
				PRODUCT_NAME = "$(TARGET_NAME)";
			};
			name = Debug;
		};
		3F0A981D1FA0AF5600BA44B6 /* Release */ = {
			isa = XCBuildConfiguration;
			buildSettings = {
				ASSETCATALOG_COMPILER_APPICON_NAME = AppIcon;
				INFOPLIST_FILE = tableview/Info.plist;
				LD_RUNPATH_SEARCH_PATHS = "$(inherited) @executable_path/Frameworks";
				PRODUCT_BUNDLE_IDENTIFIER = brn.tableview;
				PRODUCT_NAME = "$(TARGET_NAME)";
			};
			name = Release;
		};
		3F0A981F1FA0AF5600BA44B6 /* Debug */ = {
			isa = XCBuildConfiguration;
			buildSettings = {
				BUNDLE_LOADER = "$(TEST_HOST)";
				INFOPLIST_FILE = tableviewTests/Info.plist;
				LD_RUNPATH_SEARCH_PATHS = "$(inherited) @executable_path/Frameworks @loader_path/Frameworks";
				PRODUCT_BUNDLE_IDENTIFIER = brn.tableviewTests;
				PRODUCT_NAME = "$(TARGET_NAME)";
				TEST_HOST = "$(BUILT_PRODUCTS_DIR)/tableview.app/tableview";
			};
			name = Debug;
		};
		3F0A98201FA0AF5600BA44B6 /* Release */ = {
			isa = XCBuildConfiguration;
			buildSettings = {
				BUNDLE_LOADER = "$(TEST_HOST)";
				INFOPLIST_FILE = tableviewTests/Info.plist;
				LD_RUNPATH_SEARCH_PATHS = "$(inherited) @executable_path/Frameworks @loader_path/Frameworks";
				PRODUCT_BUNDLE_IDENTIFIER = brn.tableviewTests;
				PRODUCT_NAME = "$(TARGET_NAME)";
				TEST_HOST = "$(BUILT_PRODUCTS_DIR)/tableview.app/tableview";
			};
			name = Release;
		};
		3F0A98221FA0AF5600BA44B6 /* Debug */ = {
			isa = XCBuildConfiguration;
			buildSettings = {
				INFOPLIST_FILE = tableviewUITests/Info.plist;
				LD_RUNPATH_SEARCH_PATHS = "$(inherited) @executable_path/Frameworks @loader_path/Frameworks";
				PRODUCT_BUNDLE_IDENTIFIER = brn.tableviewUITests;
				PRODUCT_NAME = "$(TARGET_NAME)";
				TEST_TARGET_NAME = tableview;
			};
			name = Debug;
		};
		3F0A98231FA0AF5600BA44B6 /* Release */ = {
			isa = XCBuildConfiguration;
			buildSettings = {
				INFOPLIST_FILE = tableviewUITests/Info.plist;
				LD_RUNPATH_SEARCH_PATHS = "$(inherited) @executable_path/Frameworks @loader_path/Frameworks";
				PRODUCT_BUNDLE_IDENTIFIER = brn.tableviewUITests;
				PRODUCT_NAME = "$(TARGET_NAME)";
				TEST_TARGET_NAME = tableview;
			};
			name = Release;
		};
/* End XCBuildConfiguration section */

/* Begin XCConfigurationList section */
		3F0A97E91FA0AF5600BA44B6 /* Build configuration list for PBXProject "tableview" */ = {
			isa = XCConfigurationList;
			buildConfigurations = (
				3F0A98191FA0AF5600BA44B6 /* Debug */,
				3F0A981A1FA0AF5600BA44B6 /* Release */,
			);
			defaultConfigurationIsVisible = 0;
			defaultConfigurationName = Release;
		};
		3F0A981B1FA0AF5600BA44B6 /* Build configuration list for PBXNativeTarget "tableview" */ = {
			isa = XCConfigurationList;
			buildConfigurations = (
				3F0A981C1FA0AF5600BA44B6 /* Debug */,
				3F0A981D1FA0AF5600BA44B6 /* Release */,
			);
			defaultConfigurationIsVisible = 0;
		};
		3F0A981E1FA0AF5600BA44B6 /* Build configuration list for PBXNativeTarget "tableviewTests" */ = {
			isa = XCConfigurationList;
			buildConfigurations = (
				3F0A981F1FA0AF5600BA44B6 /* Debug */,
				3F0A98201FA0AF5600BA44B6 /* Release */,
			);
			defaultConfigurationIsVisible = 0;
		};
		3F0A98211FA0AF5600BA44B6 /* Build configuration list for PBXNativeTarget "tableviewUITests" */ = {
			isa = XCConfigurationList;
			buildConfigurations = (
				3F0A98221FA0AF5600BA44B6 /* Debug */,
				3F0A98231FA0AF5600BA44B6 /* Release */,
			);
			defaultConfigurationIsVisible = 0;
		};
/* End XCConfigurationList section */
	};
	rootObject = 3F0A97E61FA0AF5600BA44B6 /* Project object */;
}
